
Microsoft Visual Studio Solution File, Format Version 12.00
# Visual Studio Version 16
VisualStudioVersion = 16.0.31410.357
MinimumVisualStudioVersion = 10.0.40219.1
Project("{8BC9CEB8-8B4A-11D0-8D11-00A0C91BC942}") = "Sultan", "Sultan\Sultan.vcxproj", "{152F0E28-6F5B-4066-A4C4-48D1620026A9}"
EndProject
Project("{8BC9CEB8-8B4A-11D0-8D11-00A0C91BC942}") = "ChessLib", "ChessLib\ChessLib.vcxproj", "{0C1DF93A-A8A3-4B0E-934B-241F1C3C40F7}"
EndProject
Project("{8BC9CEB8-8B4A-11D0-8D11-00A0C91BC942}") = "MoveGenerator", "MoveGenerator\MoveGenerator.vcxproj", "{0E2982DE-5ECF-4372-A36A-9F8E72F6E444}"
EndProject
Project("{8BC9CEB8-8B4A-11D0-8D11-00A0C91BC942}") = "Perft", "Perft\Perft.vcxproj", "{7A5EB0F5-2851-40F3-9B76-4102AA9FC551}"
EndProject
Project("{8BC9CEB8-8B4A-11D0-8D11-00A0C91BC942}") = "ChessLibUnitTests", "ChessLibUnitTests\ChessLibUnitTests.vcxproj", "{CD548C27-DE58-470B-9D9B-C8FA485EF57E}"
EndProject
Global
	GlobalSection(SolutionConfigurationPlatforms) = preSolution
		Debug|x64 = Debug|x64
		Debug|x86 = Debug|x86
		Release|x64 = Release|x64
		Release|x86 = Release|x86
	EndGlobalSection
	GlobalSection(ProjectConfigurationPlatforms) = postSolution
		{152F0E28-6F5B-4066-A4C4-48D1620026A9}.Debug|x64.ActiveCfg = Debug|x64
		{152F0E28-6F5B-4066-A4C4-48D1620026A9}.Debug|x64.Build.0 = Debug|x64
		{152F0E28-6F5B-4066-A4C4-48D1620026A9}.Debug|x86.ActiveCfg = Debug|Win32
		{152F0E28-6F5B-4066-A4C4-48D1620026A9}.Debug|x86.Build.0 = Debug|Win32
		{152F0E28-6F5B-4066-A4C4-48D1620026A9}.Release|x64.ActiveCfg = Release|x64
		{152F0E28-6F5B-4066-A4C4-48D1620026A9}.Release|x64.Build.0 = Release|x64
		{152F0E28-6F5B-4066-A4C4-48D1620026A9}.Release|x86.ActiveCfg = Release|Win32
		{152F0E28-6F5B-4066-A4C4-48D1620026A9}.Release|x86.Build.0 = Release|Win32
		{0C1DF93A-A8A3-4B0E-934B-241F1C3C40F7}.Debug|x64.ActiveCfg = Debug|x64
		{0C1DF93A-A8A3-4B0E-934B-241F1C3C40F7}.Debug|x64.Build.0 = Debug|x64
		{0C1DF93A-A8A3-4B0E-934B-241F1C3C40F7}.Debug|x86.ActiveCfg = Debug|Win32
		{0C1DF93A-A8A3-4B0E-934B-241F1C3C40F7}.Debug|x86.Build.0 = Debug|Win32
		{0C1DF93A-A8A3-4B0E-934B-241F1C3C40F7}.Release|x64.ActiveCfg = Release|x64
		{0C1DF93A-A8A3-4B0E-934B-241F1C3C40F7}.Release|x64.Build.0 = Release|x64
		{0C1DF93A-A8A3-4B0E-934B-241F1C3C40F7}.Release|x86.ActiveCfg = Release|Win32
		{0C1DF93A-A8A3-4B0E-934B-241F1C3C40F7}.Release|x86.Build.0 = Release|Win32
		{0E2982DE-5ECF-4372-A36A-9F8E72F6E444}.Debug|x64.ActiveCfg = Debug|x64
		{0E2982DE-5ECF-4372-A36A-9F8E72F6E444}.Debug|x64.Build.0 = Debug|x64
		{0E2982DE-5ECF-4372-A36A-9F8E72F6E444}.Debug|x86.ActiveCfg = Debug|Win32
		{0E2982DE-5ECF-4372-A36A-9F8E72F6E444}.Debug|x86.Build.0 = Debug|Win32
		{0E2982DE-5ECF-4372-A36A-9F8E72F6E444}.Release|x64.ActiveCfg = Release|x64
		{0E2982DE-5ECF-4372-A36A-9F8E72F6E444}.Release|x64.Build.0 = Release|x64
		{0E2982DE-5ECF-4372-A36A-9F8E72F6E444}.Release|x86.ActiveCfg = Release|Win32
		{0E2982DE-5ECF-4372-A36A-9F8E72F6E444}.Release|x86.Build.0 = Release|Win32
		{7A5EB0F5-2851-40F3-9B76-4102AA9FC551}.Debug|x64.ActiveCfg = Debug|x64
		{7A5EB0F5-2851-40F3-9B76-4102AA9FC551}.Debug|x64.Build.0 = Debug|x64
		{7A5EB0F5-2851-40F3-9B76-4102AA9FC551}.Debug|x86.ActiveCfg = Debug|Win32
		{7A5EB0F5-2851-40F3-9B76-4102AA9FC551}.Debug|x86.Build.0 = Debug|Win32
		{7A5EB0F5-2851-40F3-9B76-4102AA9FC551}.Release|x64.ActiveCfg = Release|x64
		{7A5EB0F5-2851-40F3-9B76-4102AA9FC551}.Release|x64.Build.0 = Release|x64
		{7A5EB0F5-2851-40F3-9B76-4102AA9FC551}.Release|x86.ActiveCfg = Release|Win32
		{7A5EB0F5-2851-40F3-9B76-4102AA9FC551}.Release|x86.Build.0 = Release|Win32
		{CD548C27-DE58-470B-9D9B-C8FA485EF57E}.Debug|x64.ActiveCfg = Debug|x64
		{CD548C27-DE58-470B-9D9B-C8FA485EF57E}.Debug|x64.Build.0 = Debug|x64
		{CD548C27-DE58-470B-9D9B-C8FA485EF57E}.Debug|x86.ActiveCfg = Debug|Win32
		{CD548C27-DE58-470B-9D9B-C8FA485EF57E}.Debug|x86.Build.0 = Debug|Win32
		{CD548C27-DE58-470B-9D9B-C8FA485EF57E}.Release|x64.ActiveCfg = Release|x64
		{CD548C27-DE58-470B-9D9B-C8FA485EF57E}.Release|x64.Build.0 = Release|x64
		{CD548C27-DE58-470B-9D9B-C8FA485EF57E}.Release|x86.ActiveCfg = Release|Win32
		{CD548C27-DE58-470B-9D9B-C8FA485EF57E}.Release|x86.Build.0 = Release|Win32
	EndGlobalSection
	GlobalSection(SolutionProperties) = preSolution
		HideSolutionNode = FALSE
	EndGlobalSection
	GlobalSection(ExtensibilityGlobals) = postSolution
		SolutionGuid = {18FF882F-F174-44AA-86C6-A0C83B3621BD}
	EndGlobalSection
EndGlobal
