<?xml version="1.0" encoding="utf-8"?>
<Project ToolsVersion="4.0" xmlns="http://schemas.microsoft.com/developer/msbuild/2003">
  <ItemGroup>
    <ClCompile Include="pch.cpp" />
    <ClCompile Include="FenTests.cpp" />
    <ClCompile Include="MoveTests.cpp" />
    <ClCompile Include="SquareTests.cpp" />
    <ClCompile Include="BasicBoardTests.cpp" />
    <ClCompile Include="ObjectBoardTests.cpp" />
    <ClCompile Include="x88BoardTests.cpp" />
  </ItemGroup>
  <ItemGroup>
    <ClInclude Include="pch.h" />
    <ClInclude Include="BasicAndObjectBoardBase.hpp" />
    <ClInclude Include="CommonBoardTestBase.hpp" />
  </ItemGroup>
  <ItemGroup>
    <None Include="packages.config" />
  </ItemGroup>
</Project>