<?xml version="1.0" encoding="utf-8"?>
<Project ToolsVersion="4.0" xmlns="http://schemas.microsoft.com/developer/msbuild/2003">
  <ItemGroup>
    <ClCompile Include="pch.cpp" />
    <ClCompile Include="FenTests.cpp" />
    <ClCompile Include="MoveTests.cpp" />
    <ClCompile Include="SquareTests.cpp" />
    <ClCompile Include="BoardTests\BasicBoardTests.cpp">
      <Filter>BoardTests</Filter>
    </ClCompile>
    <ClCompile Include="BoardTests\ObjectBoardTests.cpp">
      <Filter>BoardTests</Filter>
    </ClCompile>
    <ClCompile Include="BoardTests\x88BoardTests.cpp">
      <Filter>BoardTests</Filter>
    </ClCompile>
    <ClCompile Include="PerftTests.cpp" />
  </ItemGroup>
  <ItemGroup>
    <ClInclude Include="pch.h" />
    <ClInclude Include="BoardTests\BasicAndObjectBoardTestBase.hpp">
      <Filter>BoardTests</Filter>
    </ClInclude>
    <ClInclude Include="BoardTests\CommonBoardTestBase.hpp">
      <Filter>BoardTests</Filter>
    </ClInclude>
  </ItemGroup>
  <ItemGroup>
    <None Include="packages.config" />
  </ItemGroup>
  <ItemGroup>
    <Filter Include="BoardTests">
      <UniqueIdentifier>{1c293d13-12a9-435b-973b-a0913b1d773e}</UniqueIdentifier>
    </Filter>
  </ItemGroup>
</Project>