<?xml version="1.0" encoding="utf-8"?>
<Project ToolsVersion="4.0" xmlns="http://schemas.microsoft.com/developer/msbuild/2003">
  <ItemGroup>
    <Filter Include="Chess">
      <UniqueIdentifier>{77329483-c3da-499e-9ee4-18d620c51695}</UniqueIdentifier>
    </Filter>
    <Filter Include="Engine">
      <UniqueIdentifier>{77ff016f-7854-4dfd-ab1d-bacfbc99a61c}</UniqueIdentifier>
    </Filter>
    <Filter Include="Perft">
      <UniqueIdentifier>{ca56f1c5-eca3-46d6-924d-1f6a2235d666}</UniqueIdentifier>
    </Filter>
    <Filter Include="Utility">
      <UniqueIdentifier>{9df33fd3-962f-482e-bc2f-e6962d5eb121}</UniqueIdentifier>
    </Filter>
    <Filter Include="Board">
      <UniqueIdentifier>{d5906a71-65c2-451b-ada0-266e44e26e9f}</UniqueIdentifier>
    </Filter>
    <Filter Include="Board\ObjBoard">
      <UniqueIdentifier>{9428e8db-0154-4876-aaea-3850d14c10cb}</UniqueIdentifier>
    </Filter>
    <Filter Include="Board\BitBoard">
      <UniqueIdentifier>{617835eb-ccac-4261-9ae4-c0b496f0f126}</UniqueIdentifier>
    </Filter>
    <Filter Include="MoveGenerator">
      <UniqueIdentifier>{5ca2657c-c692-4f41-b056-c7599636fe45}</UniqueIdentifier>
    </Filter>
    <Filter Include="Chess\Traits">
      <UniqueIdentifier>{0d64d77c-75ae-433a-8c25-cce121046617}</UniqueIdentifier>
    </Filter>
    <Filter Include="Chess\Move">
      <UniqueIdentifier>{03afa927-45fe-4dc1-a303-6001a28bd593}</UniqueIdentifier>
    </Filter>
    <Filter Include="Chess\Fen">
      <UniqueIdentifier>{37cca887-b89f-4116-8df2-fc3f9af04a14}</UniqueIdentifier>
    </Filter>
  </ItemGroup>
  <ItemGroup>
    <ClCompile Include="Source\ChessLib\Utility\Utility.cpp">
      <Filter>Utility</Filter>
    </ClCompile>
    <ClCompile Include="Source\ChessLib\Board\BitBoard.cpp">
      <Filter>Board\BitBoard</Filter>
    </ClCompile>
    <ClCompile Include="Source\ChessLib\Board\ObjBoard.cpp">
      <Filter>Board\ObjBoard</Filter>
    </ClCompile>
    <ClCompile Include="Source\ChessLib\Board\PieceObj.cpp">
      <Filter>Board\ObjBoard</Filter>
    </ClCompile>
    <ClCompile Include="Source\ChessLib\Chess\LightMove.cpp">
      <Filter>Chess\Move</Filter>
    </ClCompile>
    <ClCompile Include="Source\ChessLib\Chess\Move.cpp">
      <Filter>Chess\Move</Filter>
    </ClCompile>
    <ClCompile Include="Source\ChessLib\Chess\Fen.cpp">
      <Filter>Chess\Fen</Filter>
    </ClCompile>
    <ClCompile Include="Source\ChessLib\Utility\CommandLineExecutor.cpp">
      <Filter>Utility</Filter>
    </ClCompile>
    <ClCompile Include="Source\ChessLib\MoveGenerator\Connectivity.cpp">
      <Filter>MoveGenerator</Filter>
    </ClCompile>
    <ClCompile Include="Source\ChessLib\MoveGenerator\AttackDetectorObjBoard.cpp">
      <Filter>MoveGenerator</Filter>
    </ClCompile>
  </ItemGroup>
  <ItemGroup>
    <ClInclude Include="Source\ChessLib\Chess\Definitions.hpp">
      <Filter>Chess</Filter>
    </ClInclude>
    <ClInclude Include="Source\ChessLib\Perft\Perft.hpp">
      <Filter>Perft</Filter>
    </ClInclude>
    <ClInclude Include="Source\ChessLib\Utility\Utility.hpp">
      <Filter>Utility</Filter>
    </ClInclude>
    <ClInclude Include="Source\ChessLib\Utility\IterableStack.hpp">
      <Filter>Utility</Filter>
    </ClInclude>
    <ClInclude Include="Source\ChessLib\Board\PieceCentricBoardBase.hpp">
      <Filter>Board</Filter>
    </ClInclude>
    <ClInclude Include="Source\ChessLib\Utility\Timer.hpp">
      <Filter>Utility</Filter>
    </ClInclude>
    <ClInclude Include="Source\ChessLib\MoveGenerator\AttackDetector.hpp">
      <Filter>MoveGenerator</Filter>
    </ClInclude>
    <ClInclude Include="Source\ChessLib\Board\BoardBase.hpp">
      <Filter>Board</Filter>
    </ClInclude>
    <ClInclude Include="Source\ChessLib\Board\BitBoard.hpp">
      <Filter>Board\BitBoard</Filter>
    </ClInclude>
    <ClInclude Include="Source\ChessLib\Board\ObjBoard.hpp">
      <Filter>Board\ObjBoard</Filter>
    </ClInclude>
    <ClInclude Include="Source\ChessLib\Board\PieceObj.hpp">
      <Filter>Board\ObjBoard</Filter>
    </ClInclude>
    <ClInclude Include="Source\ChessLib\Board\SquareObj.hpp">
      <Filter>Board\ObjBoard</Filter>
    </ClInclude>
    <ClInclude Include="Source\ChessLib\Board\ChessBoard.hpp">
      <Filter>Board</Filter>
    </ClInclude>
    <ClInclude Include="Source\ChessLib\Board\BoardFactory.hpp">
      <Filter>Board</Filter>
    </ClInclude>
    <ClInclude Include="Source\ChessLib\Board\BoardFunctions.hpp">
      <Filter>Board</Filter>
    </ClInclude>
    <ClInclude Include="Source\ChessLib\Chess\ColorTraits.hpp">
      <Filter>Chess\Traits</Filter>
    </ClInclude>
    <ClInclude Include="Source\ChessLib\Chess\BoardColorTraits.hpp">
      <Filter>Chess\Traits</Filter>
    </ClInclude>
    <ClInclude Include="Source\ChessLib\Chess\LightMove.hpp">
      <Filter>Chess\Move</Filter>
    </ClInclude>
    <ClInclude Include="Source\ChessLib\Chess\Move.hpp">
      <Filter>Chess\Move</Filter>
    </ClInclude>
    <ClInclude Include="Source\ChessLib\Chess\Fen.hpp">
      <Filter>Chess\Fen</Filter>
    </ClInclude>
    <ClInclude Include="Source\ChessLib\Utility\CommandLineExecutor.h">
      <Filter>Utility</Filter>
    </ClInclude>
    <ClInclude Include="Source\ChessLib\Board\x88Board.hpp">
      <Filter>Board</Filter>
    </ClInclude>
    <ClInclude Include="Source\ChessLib\Board\BasicBoard.hpp">
      <Filter>Board</Filter>
    </ClInclude>
    <ClInclude Include="Source\ChessLib\MoveGenerator\MoveGenerator.hpp">
      <Filter>MoveGenerator</Filter>
    </ClInclude>
    <ClInclude Include="Source\ChessLib\MoveGenerator\Connectivity.hpp">
      <Filter>MoveGenerator</Filter>
    </ClInclude>
    <ClInclude Include="Source\ChessLib\MoveGenerator\Connections.hpp">
      <Filter>MoveGenerator</Filter>
    </ClInclude>
    <ClInclude Include="Source\ChessLib\Board\SimpleBoard.hpp">
      <Filter>Board</Filter>
    </ClInclude>
    <ClInclude Include="Source\ChessLib\MoveGenerator\AttackDetectorBase.hpp">
      <Filter>MoveGenerator</Filter>
    </ClInclude>
    <ClInclude Include="Source\ChessLib\MoveGenerator\AttackDetectorConn.hpp">
      <Filter>MoveGenerator</Filter>
    </ClInclude>
    <ClInclude Include="Source\ChessLib\MoveGenerator\MoveGeneratorConn.hpp">
      <Filter>MoveGenerator</Filter>
    </ClInclude>
    <ClInclude Include="Source\ChessLib\MoveGenerator\PrecomputedMoves.hpp">
      <Filter>MoveGenerator</Filter>
    </ClInclude>
    <ClInclude Include="Source\ChessLib\MoveGenerator\AttackDetectorObjBoard.hpp">
      <Filter>MoveGenerator</Filter>
    </ClInclude>
  </ItemGroup>
  <ItemGroup>
    <None Include="cpp.hint" />
  </ItemGroup>
</Project>