<?xml version="1.0" encoding="utf-8"?>
<Project ToolsVersion="4.0" xmlns="http://schemas.microsoft.com/developer/msbuild/2003">
  <ItemGroup>
    <Filter Include="Chess">
      <UniqueIdentifier>{77329483-c3da-499e-9ee4-18d620c51695}</UniqueIdentifier>
    </Filter>
    <Filter Include="BasicBoard">
      <UniqueIdentifier>{b5acf601-0f88-4711-b41e-bbd6b9e3a145}</UniqueIdentifier>
    </Filter>
    <Filter Include="X88Board">
      <UniqueIdentifier>{ed4dd18e-b3c8-4e65-af2b-aa184db79eef}</UniqueIdentifier>
    </Filter>
  </ItemGroup>
  <ItemGroup>
    <ClCompile Include="Source\ChessLib\Chess\Fen.cpp">
      <Filter>Chess</Filter>
    </ClCompile>
    <ClCompile Include="Source\ChessLib\Chess\Move.cpp">
      <Filter>Chess</Filter>
    </ClCompile>
    <ClCompile Include="Source\ChessLib\Chess\Utility.cpp">
      <Filter>Chess</Filter>
    </ClCompile>
    <ClCompile Include="Source\ChessLib\BasicBoard\BasicBoard.cpp">
      <Filter>BasicBoard</Filter>
    </ClCompile>
    <ClCompile Include="Source\ChessLib\x88Board\x88Board.cpp">
      <Filter>X88Board</Filter>
    </ClCompile>
    <ClCompile Include="Source\ChessLib\Chess\BoardBase.cpp">
      <Filter>Chess</Filter>
    </ClCompile>
  </ItemGroup>
  <ItemGroup>
    <ClInclude Include="Source\ChessLib\Chess\Definitions.hpp">
      <Filter>Chess</Filter>
    </ClInclude>
    <ClInclude Include="Source\ChessLib\Chess\Fen.hpp">
      <Filter>Chess</Filter>
    </ClInclude>
    <ClInclude Include="Source\ChessLib\Chess\Move.hpp">
      <Filter>Chess</Filter>
    </ClInclude>
    <ClInclude Include="Source\ChessLib\Chess\Utility.hpp">
      <Filter>Chess</Filter>
    </ClInclude>
    <ClInclude Include="Source\ChessLib\BasicBoard\BasicBoard.hpp">
      <Filter>BasicBoard</Filter>
    </ClInclude>
    <ClInclude Include="Source\ChessLib\BasicBoard\Square.hpp">
      <Filter>BasicBoard</Filter>
    </ClInclude>
    <ClInclude Include="Source\ChessLib\X88Board\Square.hpp">
      <Filter>X88Board</Filter>
    </ClInclude>
    <ClInclude Include="Source\ChessLib\x88Board\x88Board.hpp">
      <Filter>X88Board</Filter>
    </ClInclude>
    <ClInclude Include="Source\ChessLib\Chess\BoardBase.hpp">
      <Filter>Chess</Filter>
    </ClInclude>
  </ItemGroup>
</Project>